{
  "object": {
    "pins": [
      {
        "package": "CleverTapSDK",
        "repositoryURL": "https://github.com/CleverTap/clevertap-ios-sdk.git",
        "state": {
          "branch": null,
          "revision": "189f51732f304a8e5747f301c49f26bc25aeb6b4",
          "version": "3.10.0"
        }
      },
      {
        "package": "Nimble",
        "repositoryURL": "https://github.com/Quick/Nimble.git",
        "state": {
          "branch": null,
          "revision": "7a46a5fc86cb917f69e3daf79fcb045283d8f008",
          "version": "8.1.2"
        }
      },
      {
        "package": "Quick",
        "repositoryURL": "https://github.com/Quick/Quick.git",
        "state": {
          "branch": null,
          "revision": "8cce6acd38f965f5baa3167b939f86500314022b",
          "version": "3.1.2"
        }
      },
      {
        "package": "SDWebImage",
        "repositoryURL": "https://github.com/SDWebImage/SDWebImage.git",
        "state": {
          "branch": null,
          "revision": "3e48cb68d8e668d146dc59c73fb98cb628616236",
          "version": "5.13.2"
        }
      }
    ]
  },
  "version": 1
}
