{
  "pins" : [
    {
      "identity" : "clevertap-geofence-ios",
      "kind" : "remoteSourceControl",
      "location" : "https://github.com/dscyrescotti/clevertap-geofence-ios.git",
      "state" : {
        "branch" : "master",
        "revision" : "5fd81144eb995910bce0b9c3b58b9a7243d03802"
      }
    },
    {
      "identity" : "clevertap-ios-sdk",
      "kind" : "remoteSourceControl",
      "location" : "https://github.com/CleverTap/clevertap-ios-sdk.git",
      "state" : {
        "revision" : "60d0a3f051c72d46ae0cc815ddf409c1ac097daf",
        "version" : "4.2.2"
      }
    },
    {
      "identity" : "sdwebimage",
      "kind" : "remoteSourceControl",
      "location" : "https://github.com/SDWebImage/SDWebImage.git",
      "state" : {
        "revision" : "936f1c7067728d16c362ba4fb93c17df78b5fd79",
        "version" : "5.18.2"
      }
    }
  ],
  "version" : 2
}
