// !$*UTF8*$!
{
	archiveVersion = 1;
	classes = {
	};
	objectVersion = 51;
	objects = {

/* Begin PBXBuildFile section */
		108ABAB49603D241458F737E /* Pods_GeofenceObjCPodsExampleTests.framework in Frameworks */ = {isa = PBXBuildFile; fileRef = CB4D581791AED2EE298B0FE4 /* Pods_GeofenceObjCPodsExampleTests.framework */; };
		87C019B8243B1367230D00F2 /* Pods_GeofenceObjCPodsExample_GeofenceObjCPodsExampleUITests.framework in Frameworks */ = {isa = PBXBuildFile; fileRef = 8945D560D4C0F128ACDED065 /* Pods_GeofenceObjCPodsExample_GeofenceObjCPodsExampleUITests.framework */; };
		B1DDC384AB40FF69DDB0DBA1 /* Pods_GeofenceObjCPodsExample.framework in Frameworks */ = {isa = PBXBuildFile; fileRef = 2F6C2115499867751D1D340D /* Pods_GeofenceObjCPodsExample.framework */; };
		F9589EB124B761420051161E /* CoreLocation.framework in Frameworks */ = {isa = PBXBuildFile; fileRef = F9589EB024B761420051161E /* CoreLocation.framework */; };
		F989561524B7578C00836D5D /* AppDelegate.m in Sources */ = {isa = PBXBuildFile; fileRef = F989561424B7578C00836D5D /* AppDelegate.m */; };
		F989561B24B7578C00836D5D /* ViewController.m in Sources */ = {isa = PBXBuildFile; fileRef = F989561A24B7578C00836D5D /* ViewController.m */; };
		F989561E24B7578C00836D5D /* Main.storyboard in Resources */ = {isa = PBXBuildFile; fileRef = F989561C24B7578C00836D5D /* Main.storyboard */; };
		F989562024B7578D00836D5D /* Assets.xcassets in Resources */ = {isa = PBXBuildFile; fileRef = F989561F24B7578D00836D5D /* Assets.xcassets */; };
		F989562324B7578D00836D5D /* LaunchScreen.storyboard in Resources */ = {isa = PBXBuildFile; fileRef = F989562124B7578D00836D5D /* LaunchScreen.storyboard */; };
		F989562624B7578D00836D5D /* main.m in Sources */ = {isa = PBXBuildFile; fileRef = F989562524B7578D00836D5D /* main.m */; };
		F989563024B7578D00836D5D /* GeofenceObjCPodsExampleTests.m in Sources */ = {isa = PBXBuildFile; fileRef = F989562F24B7578D00836D5D /* GeofenceObjCPodsExampleTests.m */; };
		F989563B24B7578D00836D5D /* GeofenceObjCPodsExampleUITests.m in Sources */ = {isa = PBXBuildFile; fileRef = F989563A24B7578D00836D5D /* GeofenceObjCPodsExampleUITests.m */; };
/* End PBXBuildFile section */

/* Begin PBXContainerItemProxy section */
		F989562C24B7578D00836D5D /* PBXContainerItemProxy */ = {
			isa = PBXContainerItemProxy;
			containerPortal = F989560824B7578C00836D5D /* Project object */;
			proxyType = 1;
			remoteGlobalIDString = F989560F24B7578C00836D5D;
			remoteInfo = GeofenceObjCPodsExample;
		};
		F989563724B7578D00836D5D /* PBXContainerItemProxy */ = {
			isa = PBXContainerItemProxy;
			containerPortal = F989560824B7578C00836D5D /* Project object */;
			proxyType = 1;
			remoteGlobalIDString = F989560F24B7578C00836D5D;
			remoteInfo = GeofenceObjCPodsExample;
		};
/* End PBXContainerItemProxy section */

/* Begin PBXFileReference section */
		104670996E7D56DE874411C5 /* Pods-GeofenceObjCPodsExample.debug.xcconfig */ = {isa = PBXFileReference; includeInIndex = 1; lastKnownFileType = text.xcconfig; name = "Pods-GeofenceObjCPodsExample.debug.xcconfig"; path = "Target Support Files/Pods-GeofenceObjCPodsExample/Pods-GeofenceObjCPodsExample.debug.xcconfig"; sourceTree = "<group>"; };
		2CD1722A869F3328B2B500C9 /* Pods-GeofenceObjCPodsExampleTests.debug.xcconfig */ = {isa = PBXFileReference; includeInIndex = 1; lastKnownFileType = text.xcconfig; name = "Pods-GeofenceObjCPodsExampleTests.debug.xcconfig"; path = "Target Support Files/Pods-GeofenceObjCPodsExampleTests/Pods-GeofenceObjCPodsExampleTests.debug.xcconfig"; sourceTree = "<group>"; };
		2F6C2115499867751D1D340D /* Pods_GeofenceObjCPodsExample.framework */ = {isa = PBXFileReference; explicitFileType = wrapper.framework; includeInIndex = 0; path = Pods_GeofenceObjCPodsExample.framework; sourceTree = BUILT_PRODUCTS_DIR; };
		6549A586B03BAF1A9C7D7C69 /* Pods-GeofenceObjCPodsExampleTests.release.xcconfig */ = {isa = PBXFileReference; includeInIndex = 1; lastKnownFileType = text.xcconfig; name = "Pods-GeofenceObjCPodsExampleTests.release.xcconfig"; path = "Target Support Files/Pods-GeofenceObjCPodsExampleTests/Pods-GeofenceObjCPodsExampleTests.release.xcconfig"; sourceTree = "<group>"; };
		8945D560D4C0F128ACDED065 /* Pods_GeofenceObjCPodsExample_GeofenceObjCPodsExampleUITests.framework */ = {isa = PBXFileReference; explicitFileType = wrapper.framework; includeInIndex = 0; path = Pods_GeofenceObjCPodsExample_GeofenceObjCPodsExampleUITests.framework; sourceTree = BUILT_PRODUCTS_DIR; };
		CB4D581791AED2EE298B0FE4 /* Pods_GeofenceObjCPodsExampleTests.framework */ = {isa = PBXFileReference; explicitFileType = wrapper.framework; includeInIndex = 0; path = Pods_GeofenceObjCPodsExampleTests.framework; sourceTree = BUILT_PRODUCTS_DIR; };
		D8FA1789F1E17D3F9681C303 /* Pods-GeofenceObjCPodsExample.release.xcconfig */ = {isa = PBXFileReference; includeInIndex = 1; lastKnownFileType = text.xcconfig; name = "Pods-GeofenceObjCPodsExample.release.xcconfig"; path = "Target Support Files/Pods-GeofenceObjCPodsExample/Pods-GeofenceObjCPodsExample.release.xcconfig"; sourceTree = "<group>"; };
		E47D4D0E03BE3D8E67B10D03 /* Pods-GeofenceObjCPodsExample-GeofenceObjCPodsExampleUITests.debug.xcconfig */ = {isa = PBXFileReference; includeInIndex = 1; lastKnownFileType = text.xcconfig; name = "Pods-GeofenceObjCPodsExample-GeofenceObjCPodsExampleUITests.debug.xcconfig"; path = "Target Support Files/Pods-GeofenceObjCPodsExample-GeofenceObjCPodsExampleUITests/Pods-GeofenceObjCPodsExample-GeofenceObjCPodsExampleUITests.debug.xcconfig"; sourceTree = "<group>"; };
		EB6CE8FA0795CB565977D588 /* Pods-GeofenceObjCPodsExample-GeofenceObjCPodsExampleUITests.release.xcconfig */ = {isa = PBXFileReference; includeInIndex = 1; lastKnownFileType = text.xcconfig; name = "Pods-GeofenceObjCPodsExample-GeofenceObjCPodsExampleUITests.release.xcconfig"; path = "Target Support Files/Pods-GeofenceObjCPodsExample-GeofenceObjCPodsExampleUITests/Pods-GeofenceObjCPodsExample-GeofenceObjCPodsExampleUITests.release.xcconfig"; sourceTree = "<group>"; };
		EC3A156724FF9C0F00C6ED32 /* GeofenceObjCPodsExample.entitlements */ = {isa = PBXFileReference; lastKnownFileType = text.plist.entitlements; path = GeofenceObjCPodsExample.entitlements; sourceTree = "<group>"; };
		F9589EAC24B760990051161E /* CleverTapGeofence.framework */ = {isa = PBXFileReference; explicitFileType = wrapper.framework; path = CleverTapGeofence.framework; sourceTree = BUILT_PRODUCTS_DIR; };
		F9589EB024B761420051161E /* CoreLocation.framework */ = {isa = PBXFileReference; lastKnownFileType = wrapper.framework; name = CoreLocation.framework; path = System/Library/Frameworks/CoreLocation.framework; sourceTree = SDKROOT; };
		F989561024B7578C00836D5D /* GeofenceObjCPodsExample.app */ = {isa = PBXFileReference; explicitFileType = wrapper.application; includeInIndex = 0; path = GeofenceObjCPodsExample.app; sourceTree = BUILT_PRODUCTS_DIR; };
		F989561324B7578C00836D5D /* AppDelegate.h */ = {isa = PBXFileReference; lastKnownFileType = sourcecode.c.h; path = AppDelegate.h; sourceTree = "<group>"; };
		F989561424B7578C00836D5D /* AppDelegate.m */ = {isa = PBXFileReference; lastKnownFileType = sourcecode.c.objc; path = AppDelegate.m; sourceTree = "<group>"; };
		F989561924B7578C00836D5D /* ViewController.h */ = {isa = PBXFileReference; lastKnownFileType = sourcecode.c.h; path = ViewController.h; sourceTree = "<group>"; };
		F989561A24B7578C00836D5D /* ViewController.m */ = {isa = PBXFileReference; lastKnownFileType = sourcecode.c.objc; path = ViewController.m; sourceTree = "<group>"; };
		F989561D24B7578C00836D5D /* Base */ = {isa = PBXFileReference; lastKnownFileType = file.storyboard; name = Base; path = Base.lproj/Main.storyboard; sourceTree = "<group>"; };
		F989561F24B7578D00836D5D /* Assets.xcassets */ = {isa = PBXFileReference; lastKnownFileType = folder.assetcatalog; path = Assets.xcassets; sourceTree = "<group>"; };
		F989562224B7578D00836D5D /* Base */ = {isa = PBXFileReference; lastKnownFileType = file.storyboard; name = Base; path = Base.lproj/LaunchScreen.storyboard; sourceTree = "<group>"; };
		F989562424B7578D00836D5D /* Info.plist */ = {isa = PBXFileReference; lastKnownFileType = text.plist.xml; path = Info.plist; sourceTree = "<group>"; };
		F989562524B7578D00836D5D /* main.m */ = {isa = PBXFileReference; lastKnownFileType = sourcecode.c.objc; path = main.m; sourceTree = "<group>"; };
		F989562B24B7578D00836D5D /* GeofenceObjCPodsExampleTests.xctest */ = {isa = PBXFileReference; explicitFileType = wrapper.cfbundle; includeInIndex = 0; path = GeofenceObjCPodsExampleTests.xctest; sourceTree = BUILT_PRODUCTS_DIR; };
		F989562F24B7578D00836D5D /* GeofenceObjCPodsExampleTests.m */ = {isa = PBXFileReference; lastKnownFileType = sourcecode.c.objc; path = GeofenceObjCPodsExampleTests.m; sourceTree = "<group>"; };
		F989563124B7578D00836D5D /* Info.plist */ = {isa = PBXFileReference; lastKnownFileType = text.plist.xml; path = Info.plist; sourceTree = "<group>"; };
		F989563624B7578D00836D5D /* GeofenceObjCPodsExampleUITests.xctest */ = {isa = PBXFileReference; explicitFileType = wrapper.cfbundle; includeInIndex = 0; path = GeofenceObjCPodsExampleUITests.xctest; sourceTree = BUILT_PRODUCTS_DIR; };
		F989563A24B7578D00836D5D /* GeofenceObjCPodsExampleUITests.m */ = {isa = PBXFileReference; lastKnownFileType = sourcecode.c.objc; path = GeofenceObjCPodsExampleUITests.m; sourceTree = "<group>"; };
		F989563C24B7578D00836D5D /* Info.plist */ = {isa = PBXFileReference; lastKnownFileType = text.plist.xml; path = Info.plist; sourceTree = "<group>"; };
/* End PBXFileReference section */

/* Begin PBXFrameworksBuildPhase section */
		F989560D24B7578C00836D5D /* Frameworks */ = {
			isa = PBXFrameworksBuildPhase;
			buildActionMask = 2147483647;
			files = (
				F9589EB124B761420051161E /* CoreLocation.framework in Frameworks */,
				B1DDC384AB40FF69DDB0DBA1 /* Pods_GeofenceObjCPodsExample.framework in Frameworks */,
			);
			runOnlyForDeploymentPostprocessing = 0;
		};
		F989562824B7578D00836D5D /* Frameworks */ = {
			isa = PBXFrameworksBuildPhase;
			buildActionMask = 2147483647;
			files = (
				108ABAB49603D241458F737E /* Pods_GeofenceObjCPodsExampleTests.framework in Frameworks */,
			);
			runOnlyForDeploymentPostprocessing = 0;
		};
		F989563324B7578D00836D5D /* Frameworks */ = {
			isa = PBXFrameworksBuildPhase;
			buildActionMask = 2147483647;
			files = (
				87C019B8243B1367230D00F2 /* Pods_GeofenceObjCPodsExample_GeofenceObjCPodsExampleUITests.framework in Frameworks */,
			);
			runOnlyForDeploymentPostprocessing = 0;
		};
/* End PBXFrameworksBuildPhase section */

/* Begin PBXGroup section */
		72DAEAB4DB0873E6974DA8F3 /* Frameworks */ = {
			isa = PBXGroup;
			children = (
				F9589EB024B761420051161E /* CoreLocation.framework */,
				F9589EAC24B760990051161E /* CleverTapGeofence.framework */,
				2F6C2115499867751D1D340D /* Pods_GeofenceObjCPodsExample.framework */,
				8945D560D4C0F128ACDED065 /* Pods_GeofenceObjCPodsExample_GeofenceObjCPodsExampleUITests.framework */,
				CB4D581791AED2EE298B0FE4 /* Pods_GeofenceObjCPodsExampleTests.framework */,
			);
			name = Frameworks;
			sourceTree = "<group>";
		};
		EF92B2C23D40A8C71D00C998 /* Pods */ = {
			isa = PBXGroup;
			children = (
				104670996E7D56DE874411C5 /* Pods-GeofenceObjCPodsExample.debug.xcconfig */,
				D8FA1789F1E17D3F9681C303 /* Pods-GeofenceObjCPodsExample.release.xcconfig */,
				E47D4D0E03BE3D8E67B10D03 /* Pods-GeofenceObjCPodsExample-GeofenceObjCPodsExampleUITests.debug.xcconfig */,
				EB6CE8FA0795CB565977D588 /* Pods-GeofenceObjCPodsExample-GeofenceObjCPodsExampleUITests.release.xcconfig */,
				2CD1722A869F3328B2B500C9 /* Pods-GeofenceObjCPodsExampleTests.debug.xcconfig */,
				6549A586B03BAF1A9C7D7C69 /* Pods-GeofenceObjCPodsExampleTests.release.xcconfig */,
			);
			path = Pods;
			sourceTree = "<group>";
		};
		F989560724B7578C00836D5D = {
			isa = PBXGroup;
			children = (
				F989561224B7578C00836D5D /* GeofenceObjCPodsExample */,
				F989562E24B7578D00836D5D /* GeofenceObjCPodsExampleTests */,
				F989563924B7578D00836D5D /* GeofenceObjCPodsExampleUITests */,
				F989561124B7578C00836D5D /* Products */,
				EF92B2C23D40A8C71D00C998 /* Pods */,
				72DAEAB4DB0873E6974DA8F3 /* Frameworks */,
			);
			sourceTree = "<group>";
		};
		F989561124B7578C00836D5D /* Products */ = {
			isa = PBXGroup;
			children = (
				F989561024B7578C00836D5D /* GeofenceObjCPodsExample.app */,
				F989562B24B7578D00836D5D /* GeofenceObjCPodsExampleTests.xctest */,
				F989563624B7578D00836D5D /* GeofenceObjCPodsExampleUITests.xctest */,
			);
			name = Products;
			sourceTree = "<group>";
		};
		F989561224B7578C00836D5D /* GeofenceObjCPodsExample */ = {
			isa = PBXGroup;
			children = (
				EC3A156724FF9C0F00C6ED32 /* GeofenceObjCPodsExample.entitlements */,
				F989561324B7578C00836D5D /* AppDelegate.h */,
				F989561424B7578C00836D5D /* AppDelegate.m */,
				F989561924B7578C00836D5D /* ViewController.h */,
				F989561A24B7578C00836D5D /* ViewController.m */,
				F989561C24B7578C00836D5D /* Main.storyboard */,
				F989561F24B7578D00836D5D /* Assets.xcassets */,
				F989562124B7578D00836D5D /* LaunchScreen.storyboard */,
				F989562424B7578D00836D5D /* Info.plist */,
				F989562524B7578D00836D5D /* main.m */,
			);
			path = GeofenceObjCPodsExample;
			sourceTree = "<group>";
		};
		F989562E24B7578D00836D5D /* GeofenceObjCPodsExampleTests */ = {
			isa = PBXGroup;
			children = (
				F989562F24B7578D00836D5D /* GeofenceObjCPodsExampleTests.m */,
				F989563124B7578D00836D5D /* Info.plist */,
			);
			path = GeofenceObjCPodsExampleTests;
			sourceTree = "<group>";
		};
		F989563924B7578D00836D5D /* GeofenceObjCPodsExampleUITests */ = {
			isa = PBXGroup;
			children = (
				F989563A24B7578D00836D5D /* GeofenceObjCPodsExampleUITests.m */,
				F989563C24B7578D00836D5D /* Info.plist */,
			);
			path = GeofenceObjCPodsExampleUITests;
			sourceTree = "<group>";
		};
/* End PBXGroup section */

/* Begin PBXNativeTarget section */
		F989560F24B7578C00836D5D /* GeofenceObjCPodsExample */ = {
			isa = PBXNativeTarget;
			buildConfigurationList = F989563F24B7578D00836D5D /* Build configuration list for PBXNativeTarget "GeofenceObjCPodsExample" */;
			buildPhases = (
				297713F45BC04824526BB96B /* [CP] Check Pods Manifest.lock */,
				F989560C24B7578C00836D5D /* Sources */,
				F989560D24B7578C00836D5D /* Frameworks */,
				F989560E24B7578C00836D5D /* Resources */,
				A066F08B121ED8F65620284E /* [CP] Embed Pods Frameworks */,
			);
			buildRules = (
			);
			dependencies = (
			);
			name = GeofenceObjCPodsExample;
			productName = GeofenceObjCPodsExample;
			productReference = F989561024B7578C00836D5D /* GeofenceObjCPodsExample.app */;
			productType = "com.apple.product-type.application";
		};
		F989562A24B7578D00836D5D /* GeofenceObjCPodsExampleTests */ = {
			isa = PBXNativeTarget;
			buildConfigurationList = F989564224B7578D00836D5D /* Build configuration list for PBXNativeTarget "GeofenceObjCPodsExampleTests" */;
			buildPhases = (
				547E07BCC4E148D84EAEF2E1 /* [CP] Check Pods Manifest.lock */,
				F989562724B7578D00836D5D /* Sources */,
				F989562824B7578D00836D5D /* Frameworks */,
				F989562924B7578D00836D5D /* Resources */,
			);
			buildRules = (
			);
			dependencies = (
				F989562D24B7578D00836D5D /* PBXTargetDependency */,
			);
			name = GeofenceObjCPodsExampleTests;
			productName = GeofenceObjCPodsExampleTests;
			productReference = F989562B24B7578D00836D5D /* GeofenceObjCPodsExampleTests.xctest */;
			productType = "com.apple.product-type.bundle.unit-test";
		};
		F989563524B7578D00836D5D /* GeofenceObjCPodsExampleUITests */ = {
			isa = PBXNativeTarget;
			buildConfigurationList = F989564524B7578D00836D5D /* Build configuration list for PBXNativeTarget "GeofenceObjCPodsExampleUITests" */;
			buildPhases = (
				708051A481D4F29952DCC3EB /* [CP] Check Pods Manifest.lock */,
				F989563224B7578D00836D5D /* Sources */,
				F989563324B7578D00836D5D /* Frameworks */,
				F989563424B7578D00836D5D /* Resources */,
				82D33C0B19717B68AA2F527D /* [CP] Embed Pods Frameworks */,
			);
			buildRules = (
			);
			dependencies = (
				F989563824B7578D00836D5D /* PBXTargetDependency */,
			);
			name = GeofenceObjCPodsExampleUITests;
			productName = GeofenceObjCPodsExampleUITests;
			productReference = F989563624B7578D00836D5D /* GeofenceObjCPodsExampleUITests.xctest */;
			productType = "com.apple.product-type.bundle.ui-testing";
		};
/* End PBXNativeTarget section */

/* Begin PBXProject section */
		F989560824B7578C00836D5D /* Project object */ = {
			isa = PBXProject;
			attributes = {
				LastUpgradeCheck = 1160;
				ORGANIZATIONNAME = CleverTap;
				TargetAttributes = {
					F989560F24B7578C00836D5D = {
						CreatedOnToolsVersion = 11.5;
					};
					F989562A24B7578D00836D5D = {
						CreatedOnToolsVersion = 11.5;
						TestTargetID = F989560F24B7578C00836D5D;
					};
					F989563524B7578D00836D5D = {
						CreatedOnToolsVersion = 11.5;
						TestTargetID = F989560F24B7578C00836D5D;
					};
				};
			};
			buildConfigurationList = F989560B24B7578C00836D5D /* Build configuration list for PBXProject "GeofenceObjCPodsExample" */;
			compatibilityVersion = "Xcode 9.3";
			developmentRegion = en;
			hasScannedForEncodings = 0;
			knownRegions = (
				en,
				Base,
			);
			mainGroup = F989560724B7578C00836D5D;
			productRefGroup = F989561124B7578C00836D5D /* Products */;
			projectDirPath = "";
			projectRoot = "";
			targets = (
				F989560F24B7578C00836D5D /* GeofenceObjCPodsExample */,
				F989562A24B7578D00836D5D /* GeofenceObjCPodsExampleTests */,
				F989563524B7578D00836D5D /* GeofenceObjCPodsExampleUITests */,
			);
		};
/* End PBXProject section */

/* Begin PBXResourcesBuildPhase section */
		F989560E24B7578C00836D5D /* Resources */ = {
			isa = PBXResourcesBuildPhase;
			buildActionMask = 2147483647;
			files = (
				F989562324B7578D00836D5D /* LaunchScreen.storyboard in Resources */,
				F989562024B7578D00836D5D /* Assets.xcassets in Resources */,
				F989561E24B7578C00836D5D /* Main.storyboard in Resources */,
			);
			runOnlyForDeploymentPostprocessing = 0;
		};
		F989562924B7578D00836D5D /* Resources */ = {
			isa = PBXResourcesBuildPhase;
			buildActionMask = 2147483647;
			files = (
			);
			runOnlyForDeploymentPostprocessing = 0;
		};
		F989563424B7578D00836D5D /* Resources */ = {
			isa = PBXResourcesBuildPhase;
			buildActionMask = 2147483647;
			files = (
			);
			runOnlyForDeploymentPostprocessing = 0;
		};
/* End PBXResourcesBuildPhase section */

/* Begin PBXShellScriptBuildPhase section */
		297713F45BC04824526BB96B /* [CP] Check Pods Manifest.lock */ = {
			isa = PBXShellScriptBuildPhase;
			buildActionMask = 2147483647;
			files = (
			);
			inputFileListPaths = (
			);
			inputPaths = (
				"${PODS_PODFILE_DIR_PATH}/Podfile.lock",
				"${PODS_ROOT}/Manifest.lock",
			);
			name = "[CP] Check Pods Manifest.lock";
			outputFileListPaths = (
			);
			outputPaths = (
				"$(DERIVED_FILE_DIR)/Pods-GeofenceObjCPodsExample-checkManifestLockResult.txt",
			);
			runOnlyForDeploymentPostprocessing = 0;
			shellPath = /bin/sh;
			shellScript = "diff \"${PODS_PODFILE_DIR_PATH}/Podfile.lock\" \"${PODS_ROOT}/Manifest.lock\" > /dev/null\nif [ $? != 0 ] ; then\n    # print error to STDERR\n    echo \"error: The sandbox is not in sync with the Podfile.lock. Run 'pod install' or update your CocoaPods installation.\" >&2\n    exit 1\nfi\n# This output is used by Xcode 'outputs' to avoid re-running this script phase.\necho \"SUCCESS\" > \"${SCRIPT_OUTPUT_FILE_0}\"\n";
			showEnvVarsInLog = 0;
		};
		547E07BCC4E148D84EAEF2E1 /* [CP] Check Pods Manifest.lock */ = {
			isa = PBXShellScriptBuildPhase;
			buildActionMask = 2147483647;
			files = (
			);
			inputFileListPaths = (
			);
			inputPaths = (
				"${PODS_PODFILE_DIR_PATH}/Podfile.lock",
				"${PODS_ROOT}/Manifest.lock",
			);
			name = "[CP] Check Pods Manifest.lock";
			outputFileListPaths = (
			);
			outputPaths = (
				"$(DERIVED_FILE_DIR)/Pods-GeofenceObjCPodsExampleTests-checkManifestLockResult.txt",
			);
			runOnlyForDeploymentPostprocessing = 0;
			shellPath = /bin/sh;
			shellScript = "diff \"${PODS_PODFILE_DIR_PATH}/Podfile.lock\" \"${PODS_ROOT}/Manifest.lock\" > /dev/null\nif [ $? != 0 ] ; then\n    # print error to STDERR\n    echo \"error: The sandbox is not in sync with the Podfile.lock. Run 'pod install' or update your CocoaPods installation.\" >&2\n    exit 1\nfi\n# This output is used by Xcode 'outputs' to avoid re-running this script phase.\necho \"SUCCESS\" > \"${SCRIPT_OUTPUT_FILE_0}\"\n";
			showEnvVarsInLog = 0;
		};
		708051A481D4F29952DCC3EB /* [CP] Check Pods Manifest.lock */ = {
			isa = PBXShellScriptBuildPhase;
			buildActionMask = 2147483647;
			files = (
			);
			inputFileListPaths = (
			);
			inputPaths = (
				"${PODS_PODFILE_DIR_PATH}/Podfile.lock",
				"${PODS_ROOT}/Manifest.lock",
			);
			name = "[CP] Check Pods Manifest.lock";
			outputFileListPaths = (
			);
			outputPaths = (
				"$(DERIVED_FILE_DIR)/Pods-GeofenceObjCPodsExample-GeofenceObjCPodsExampleUITests-checkManifestLockResult.txt",
			);
			runOnlyForDeploymentPostprocessing = 0;
			shellPath = /bin/sh;
			shellScript = "diff \"${PODS_PODFILE_DIR_PATH}/Podfile.lock\" \"${PODS_ROOT}/Manifest.lock\" > /dev/null\nif [ $? != 0 ] ; then\n    # print error to STDERR\n    echo \"error: The sandbox is not in sync with the Podfile.lock. Run 'pod install' or update your CocoaPods installation.\" >&2\n    exit 1\nfi\n# This output is used by Xcode 'outputs' to avoid re-running this script phase.\necho \"SUCCESS\" > \"${SCRIPT_OUTPUT_FILE_0}\"\n";
			showEnvVarsInLog = 0;
		};
		82D33C0B19717B68AA2F527D /* [CP] Embed Pods Frameworks */ = {
			isa = PBXShellScriptBuildPhase;
			buildActionMask = 2147483647;
			files = (
			);
			inputFileListPaths = (
				"${PODS_ROOT}/Target Support Files/Pods-GeofenceObjCPodsExample-GeofenceObjCPodsExampleUITests/Pods-GeofenceObjCPodsExample-GeofenceObjCPodsExampleUITests-frameworks-${CONFIGURATION}-input-files.xcfilelist",
			);
			name = "[CP] Embed Pods Frameworks";
			outputFileListPaths = (
				"${PODS_ROOT}/Target Support Files/Pods-GeofenceObjCPodsExample-GeofenceObjCPodsExampleUITests/Pods-GeofenceObjCPodsExample-GeofenceObjCPodsExampleUITests-frameworks-${CONFIGURATION}-output-files.xcfilelist",
			);
			runOnlyForDeploymentPostprocessing = 0;
			shellPath = /bin/sh;
			shellScript = "\"${PODS_ROOT}/Target Support Files/Pods-GeofenceObjCPodsExample-GeofenceObjCPodsExampleUITests/Pods-GeofenceObjCPodsExample-GeofenceObjCPodsExampleUITests-frameworks.sh\"\n";
			showEnvVarsInLog = 0;
		};
		A066F08B121ED8F65620284E /* [CP] Embed Pods Frameworks */ = {
			isa = PBXShellScriptBuildPhase;
			buildActionMask = 2147483647;
			files = (
			);
			inputFileListPaths = (
				"${PODS_ROOT}/Target Support Files/Pods-GeofenceObjCPodsExample/Pods-GeofenceObjCPodsExample-frameworks-${CONFIGURATION}-input-files.xcfilelist",
			);
			name = "[CP] Embed Pods Frameworks";
			outputFileListPaths = (
				"${PODS_ROOT}/Target Support Files/Pods-GeofenceObjCPodsExample/Pods-GeofenceObjCPodsExample-frameworks-${CONFIGURATION}-output-files.xcfilelist",
			);
			runOnlyForDeploymentPostprocessing = 0;
			shellPath = /bin/sh;
			shellScript = "\"${PODS_ROOT}/Target Support Files/Pods-GeofenceObjCPodsExample/Pods-GeofenceObjCPodsExample-frameworks.sh\"\n";
			showEnvVarsInLog = 0;
		};
/* End PBXShellScriptBuildPhase section */

/* Begin PBXSourcesBuildPhase section */
		F989560C24B7578C00836D5D /* Sources */ = {
			isa = PBXSourcesBuildPhase;
			buildActionMask = 2147483647;
			files = (
				F989561B24B7578C00836D5D /* ViewController.m in Sources */,
				F989561524B7578C00836D5D /* AppDelegate.m in Sources */,
				F989562624B7578D00836D5D /* main.m in Sources */,
			);
			runOnlyForDeploymentPostprocessing = 0;
		};
		F989562724B7578D00836D5D /* Sources */ = {
			isa = PBXSourcesBuildPhase;
			buildActionMask = 2147483647;
			files = (
				F989563024B7578D00836D5D /* GeofenceObjCPodsExampleTests.m in Sources */,
			);
			runOnlyForDeploymentPostprocessing = 0;
		};
		F989563224B7578D00836D5D /* Sources */ = {
			isa = PBXSourcesBuildPhase;
			buildActionMask = 2147483647;
			files = (
				F989563B24B7578D00836D5D /* GeofenceObjCPodsExampleUITests.m in Sources */,
			);
			runOnlyForDeploymentPostprocessing = 0;
		};
/* End PBXSourcesBuildPhase section */

/* Begin PBXTargetDependency section */
		F989562D24B7578D00836D5D /* PBXTargetDependency */ = {
			isa = PBXTargetDependency;
			target = F989560F24B7578C00836D5D /* GeofenceObjCPodsExample */;
			targetProxy = F989562C24B7578D00836D5D /* PBXContainerItemProxy */;
		};
		F989563824B7578D00836D5D /* PBXTargetDependency */ = {
			isa = PBXTargetDependency;
			target = F989560F24B7578C00836D5D /* GeofenceObjCPodsExample */;
			targetProxy = F989563724B7578D00836D5D /* PBXContainerItemProxy */;
		};
/* End PBXTargetDependency section */

/* Begin PBXVariantGroup section */
		F989561C24B7578C00836D5D /* Main.storyboard */ = {
			isa = PBXVariantGroup;
			children = (
				F989561D24B7578C00836D5D /* Base */,
			);
			name = Main.storyboard;
			sourceTree = "<group>";
		};
		F989562124B7578D00836D5D /* LaunchScreen.storyboard */ = {
			isa = PBXVariantGroup;
			children = (
				F989562224B7578D00836D5D /* Base */,
			);
			name = LaunchScreen.storyboard;
			sourceTree = "<group>";
		};
/* End PBXVariantGroup section */

/* Begin XCBuildConfiguration section */
		F989563D24B7578D00836D5D /* Debug */ = {
			isa = XCBuildConfiguration;
			buildSettings = {
				ALWAYS_SEARCH_USER_PATHS = NO;
				CLANG_ANALYZER_NONNULL = YES;
				CLANG_ANALYZER_NUMBER_OBJECT_CONVERSION = YES_AGGRESSIVE;
				CLANG_CXX_LANGUAGE_STANDARD = "gnu++14";
				CLANG_CXX_LIBRARY = "libc++";
				CLANG_ENABLE_MODULES = YES;
				CLANG_ENABLE_OBJC_ARC = YES;
				CLANG_ENABLE_OBJC_WEAK = YES;
				CLANG_WARN_BLOCK_CAPTURE_AUTORELEASING = YES;
				CLANG_WARN_BOOL_CONVERSION = YES;
				CLANG_WARN_COMMA = YES;
				CLANG_WARN_CONSTANT_CONVERSION = YES;
				CLANG_WARN_DEPRECATED_OBJC_IMPLEMENTATIONS = YES;
				CLANG_WARN_DIRECT_OBJC_ISA_USAGE = YES_ERROR;
				CLANG_WARN_DOCUMENTATION_COMMENTS = YES;
				CLANG_WARN_EMPTY_BODY = YES;
				CLANG_WARN_ENUM_CONVERSION = YES;
				CLANG_WARN_INFINITE_RECURSION = YES;
				CLANG_WARN_INT_CONVERSION = YES;
				CLANG_WARN_NON_LITERAL_NULL_CONVERSION = YES;
				CLANG_WARN_OBJC_IMPLICIT_RETAIN_SELF = YES;
				CLANG_WARN_OBJC_LITERAL_CONVERSION = YES;
				CLANG_WARN_OBJC_ROOT_CLASS = YES_ERROR;
				CLANG_WARN_RANGE_LOOP_ANALYSIS = YES;
				CLANG_WARN_STRICT_PROTOTYPES = YES;
				CLANG_WARN_SUSPICIOUS_MOVE = YES;
				CLANG_WARN_UNGUARDED_AVAILABILITY = YES_AGGRESSIVE;
				CLANG_WARN_UNREACHABLE_CODE = YES;
				CLANG_WARN__DUPLICATE_METHOD_MATCH = YES;
				COPY_PHASE_STRIP = NO;
				DEBUG_INFORMATION_FORMAT = dwarf;
				ENABLE_STRICT_OBJC_MSGSEND = YES;
				ENABLE_TESTABILITY = YES;
				GCC_C_LANGUAGE_STANDARD = gnu11;
				GCC_DYNAMIC_NO_PIC = NO;
				GCC_NO_COMMON_BLOCKS = YES;
				GCC_OPTIMIZATION_LEVEL = 0;
				GCC_PREPROCESSOR_DEFINITIONS = (
					"DEBUG=1",
					"$(inherited)",
				);
				GCC_WARN_64_TO_32_BIT_CONVERSION = YES;
				GCC_WARN_ABOUT_RETURN_TYPE = YES_ERROR;
				GCC_WARN_UNDECLARED_SELECTOR = YES;
				GCC_WARN_UNINITIALIZED_AUTOS = YES_AGGRESSIVE;
				GCC_WARN_UNUSED_FUNCTION = YES;
				GCC_WARN_UNUSED_VARIABLE = YES;
				IPHONEOS_DEPLOYMENT_TARGET = 10.0;
				MTL_ENABLE_DEBUG_INFO = INCLUDE_SOURCE;
				MTL_FAST_MATH = YES;
				ONLY_ACTIVE_ARCH = YES;
				SDKROOT = iphoneos;
			};
			name = Debug;
		};
		F989563E24B7578D00836D5D /* Release */ = {
			isa = XCBuildConfiguration;
			buildSettings = {
				ALWAYS_SEARCH_USER_PATHS = NO;
				CLANG_ANALYZER_NONNULL = YES;
				CLANG_ANALYZER_NUMBER_OBJECT_CONVERSION = YES_AGGRESSIVE;
				CLANG_CXX_LANGUAGE_STANDARD = "gnu++14";
				CLANG_CXX_LIBRARY = "libc++";
				CLANG_ENABLE_MODULES = YES;
				CLANG_ENABLE_OBJC_ARC = YES;
				CLANG_ENABLE_OBJC_WEAK = YES;
				CLANG_WARN_BLOCK_CAPTURE_AUTORELEASING = YES;
				CLANG_WARN_BOOL_CONVERSION = YES;
				CLANG_WARN_COMMA = YES;
				CLANG_WARN_CONSTANT_CONVERSION = YES;
				CLANG_WARN_DEPRECATED_OBJC_IMPLEMENTATIONS = YES;
				CLANG_WARN_DIRECT_OBJC_ISA_USAGE = YES_ERROR;
				CLANG_WARN_DOCUMENTATION_COMMENTS = YES;
				CLANG_WARN_EMPTY_BODY = YES;
				CLANG_WARN_ENUM_CONVERSION = YES;
				CLANG_WARN_INFINITE_RECURSION = YES;
				CLANG_WARN_INT_CONVERSION = YES;
				CLANG_WARN_NON_LITERAL_NULL_CONVERSION = YES;
				CLANG_WARN_OBJC_IMPLICIT_RETAIN_SELF = YES;
				CLANG_WARN_OBJC_LITERAL_CONVERSION = YES;
				CLANG_WARN_OBJC_ROOT_CLASS = YES_ERROR;
				CLANG_WARN_RANGE_LOOP_ANALYSIS = YES;
				CLANG_WARN_STRICT_PROTOTYPES = YES;
				CLANG_WARN_SUSPICIOUS_MOVE = YES;
				CLANG_WARN_UNGUARDED_AVAILABILITY = YES_AGGRESSIVE;
				CLANG_WARN_UNREACHABLE_CODE = YES;
				CLANG_WARN__DUPLICATE_METHOD_MATCH = YES;
				COPY_PHASE_STRIP = NO;
				DEBUG_INFORMATION_FORMAT = "dwarf-with-dsym";
				ENABLE_NS_ASSERTIONS = NO;
				ENABLE_STRICT_OBJC_MSGSEND = YES;
				GCC_C_LANGUAGE_STANDARD = gnu11;
				GCC_NO_COMMON_BLOCKS = YES;
				GCC_WARN_64_TO_32_BIT_CONVERSION = YES;
				GCC_WARN_ABOUT_RETURN_TYPE = YES_ERROR;
				GCC_WARN_UNDECLARED_SELECTOR = YES;
				GCC_WARN_UNINITIALIZED_AUTOS = YES_AGGRESSIVE;
				GCC_WARN_UNUSED_FUNCTION = YES;
				GCC_WARN_UNUSED_VARIABLE = YES;
				IPHONEOS_DEPLOYMENT_TARGET = 10.0;
				MTL_ENABLE_DEBUG_INFO = NO;
				MTL_FAST_MATH = YES;
				SDKROOT = iphoneos;
				VALIDATE_PRODUCT = YES;
			};
			name = Release;
		};
		F989564024B7578D00836D5D /* Debug */ = {
			isa = XCBuildConfiguration;
			baseConfigurationReference = 104670996E7D56DE874411C5 /* Pods-GeofenceObjCPodsExample.debug.xcconfig */;
			buildSettings = {
				ALWAYS_EMBED_SWIFT_STANDARD_LIBRARIES = YES;
				ASSETCATALOG_COMPILER_APPICON_NAME = AppIcon;
				CODE_SIGN_ENTITLEMENTS = GeofenceObjCPodsExample/GeofenceObjCPodsExample.entitlements;
				CODE_SIGN_STYLE = Automatic;
				DEVELOPMENT_TEAM = A5J34NR598;
				INFOPLIST_FILE = GeofenceObjCPodsExample/Info.plist;
				IPHONEOS_DEPLOYMENT_TARGET = 10.0;
				LD_RUNPATH_SEARCH_PATHS = (
					"$(inherited)",
					"@executable_path/Frameworks",
				);
				PRODUCT_BUNDLE_IDENTIFIER = com.clevertap.GeofenceObjCPodsExample;
				PRODUCT_NAME = "$(TARGET_NAME)";
				TARGETED_DEVICE_FAMILY = "1,2";
			};
			name = Debug;
		};
		F989564124B7578D00836D5D /* Release */ = {
			isa = XCBuildConfiguration;
			baseConfigurationReference = D8FA1789F1E17D3F9681C303 /* Pods-GeofenceObjCPodsExample.release.xcconfig */;
			buildSettings = {
				ALWAYS_EMBED_SWIFT_STANDARD_LIBRARIES = YES;
				ASSETCATALOG_COMPILER_APPICON_NAME = AppIcon;
				CODE_SIGN_ENTITLEMENTS = GeofenceObjCPodsExample/GeofenceObjCPodsExample.entitlements;
				CODE_SIGN_STYLE = Automatic;
				DEVELOPMENT_TEAM = A5J34NR598;
				INFOPLIST_FILE = GeofenceObjCPodsExample/Info.plist;
				IPHONEOS_DEPLOYMENT_TARGET = 10.0;
				LD_RUNPATH_SEARCH_PATHS = (
					"$(inherited)",
					"@executable_path/Frameworks",
				);
				PRODUCT_BUNDLE_IDENTIFIER = com.clevertap.GeofenceObjCPodsExample;
				PRODUCT_NAME = "$(TARGET_NAME)";
				TARGETED_DEVICE_FAMILY = "1,2";
			};
			name = Release;
		};
		F989564324B7578D00836D5D /* Debug */ = {
			isa = XCBuildConfiguration;
			baseConfigurationReference = 2CD1722A869F3328B2B500C9 /* Pods-GeofenceObjCPodsExampleTests.debug.xcconfig */;
			buildSettings = {
				BUNDLE_LOADER = "$(TEST_HOST)";
				CODE_SIGN_STYLE = Automatic;
				DEVELOPMENT_TEAM = A5J34NR598;
				INFOPLIST_FILE = GeofenceObjCPodsExampleTests/Info.plist;
				IPHONEOS_DEPLOYMENT_TARGET = 10.0;
				LD_RUNPATH_SEARCH_PATHS = (
					"$(inherited)",
					"@executable_path/Frameworks",
					"@loader_path/Frameworks",
				);
				PRODUCT_BUNDLE_IDENTIFIER = com.clevertap.GeofenceObjCPodsExampleTests;
				PRODUCT_NAME = "$(TARGET_NAME)";
				TARGETED_DEVICE_FAMILY = "1,2";
				TEST_HOST = "$(BUILT_PRODUCTS_DIR)/GeofenceObjCPodsExample.app/GeofenceObjCPodsExample";
			};
			name = Debug;
		};
		F989564424B7578D00836D5D /* Release */ = {
			isa = XCBuildConfiguration;
			baseConfigurationReference = 6549A586B03BAF1A9C7D7C69 /* Pods-GeofenceObjCPodsExampleTests.release.xcconfig */;
			buildSettings = {
				BUNDLE_LOADER = "$(TEST_HOST)";
				CODE_SIGN_STYLE = Automatic;
				DEVELOPMENT_TEAM = A5J34NR598;
				INFOPLIST_FILE = GeofenceObjCPodsExampleTests/Info.plist;
				IPHONEOS_DEPLOYMENT_TARGET = 10.0;
				LD_RUNPATH_SEARCH_PATHS = (
					"$(inherited)",
					"@executable_path/Frameworks",
					"@loader_path/Frameworks",
				);
				PRODUCT_BUNDLE_IDENTIFIER = com.clevertap.GeofenceObjCPodsExampleTests;
				PRODUCT_NAME = "$(TARGET_NAME)";
				TARGETED_DEVICE_FAMILY = "1,2";
				TEST_HOST = "$(BUILT_PRODUCTS_DIR)/GeofenceObjCPodsExample.app/GeofenceObjCPodsExample";
			};
			name = Release;
		};
		F989564624B7578D00836D5D /* Debug */ = {
			isa = XCBuildConfiguration;
			baseConfigurationReference = E47D4D0E03BE3D8E67B10D03 /* Pods-GeofenceObjCPodsExample-GeofenceObjCPodsExampleUITests.debug.xcconfig */;
			buildSettings = {
				ALWAYS_EMBED_SWIFT_STANDARD_LIBRARIES = YES;
				CODE_SIGN_STYLE = Automatic;
				DEVELOPMENT_TEAM = A5J34NR598;
				INFOPLIST_FILE = GeofenceObjCPodsExampleUITests/Info.plist;
				LD_RUNPATH_SEARCH_PATHS = (
					"$(inherited)",
					"@executable_path/Frameworks",
					"@loader_path/Frameworks",
				);
				PRODUCT_BUNDLE_IDENTIFIER = com.clevertap.GeofenceObjCPodsExampleUITests;
				PRODUCT_NAME = "$(TARGET_NAME)";
				TARGETED_DEVICE_FAMILY = "1,2";
				TEST_TARGET_NAME = GeofenceObjCPodsExample;
			};
			name = Debug;
		};
		F989564724B7578D00836D5D /* Release */ = {
			isa = XCBuildConfiguration;
			baseConfigurationReference = EB6CE8FA0795CB565977D588 /* Pods-GeofenceObjCPodsExample-GeofenceObjCPodsExampleUITests.release.xcconfig */;
			buildSettings = {
				ALWAYS_EMBED_SWIFT_STANDARD_LIBRARIES = YES;
				CODE_SIGN_STYLE = Automatic;
				DEVELOPMENT_TEAM = A5J34NR598;
				INFOPLIST_FILE = GeofenceObjCPodsExampleUITests/Info.plist;
				LD_RUNPATH_SEARCH_PATHS = (
					"$(inherited)",
					"@executable_path/Frameworks",
					"@loader_path/Frameworks",
				);
				PRODUCT_BUNDLE_IDENTIFIER = com.clevertap.GeofenceObjCPodsExampleUITests;
				PRODUCT_NAME = "$(TARGET_NAME)";
				TARGETED_DEVICE_FAMILY = "1,2";
				TEST_TARGET_NAME = GeofenceObjCPodsExample;
			};
			name = Release;
		};
/* End XCBuildConfiguration section */

/* Begin XCConfigurationList section */
		F989560B24B7578C00836D5D /* Build configuration list for PBXProject "GeofenceObjCPodsExample" */ = {
			isa = XCConfigurationList;
			buildConfigurations = (
				F989563D24B7578D00836D5D /* Debug */,
				F989563E24B7578D00836D5D /* Release */,
			);
			defaultConfigurationIsVisible = 0;
			defaultConfigurationName = Release;
		};
		F989563F24B7578D00836D5D /* Build configuration list for PBXNativeTarget "GeofenceObjCPodsExample" */ = {
			isa = XCConfigurationList;
			buildConfigurations = (
				F989564024B7578D00836D5D /* Debug */,
				F989564124B7578D00836D5D /* Release */,
			);
			defaultConfigurationIsVisible = 0;
			defaultConfigurationName = Release;
		};
		F989564224B7578D00836D5D /* Build configuration list for PBXNativeTarget "GeofenceObjCPodsExampleTests" */ = {
			isa = XCConfigurationList;
			buildConfigurations = (
				F989564324B7578D00836D5D /* Debug */,
				F989564424B7578D00836D5D /* Release */,
			);
			defaultConfigurationIsVisible = 0;
			defaultConfigurationName = Release;
		};
		F989564524B7578D00836D5D /* Build configuration list for PBXNativeTarget "GeofenceObjCPodsExampleUITests" */ = {
			isa = XCConfigurationList;
			buildConfigurations = (
				F989564624B7578D00836D5D /* Debug */,
				F989564724B7578D00836D5D /* Release */,
			);
			defaultConfigurationIsVisible = 0;
			defaultConfigurationName = Release;
		};
/* End XCConfigurationList section */
	};
	rootObject = F989560824B7578C00836D5D /* Project object */;
}
