// !$*UTF8*$!
{
	archiveVersion = 1;
	classes = {
	};
	objectVersion = 56;
	objects = {

/* Begin PBXBuildFile section */
		32B7A19E29255E77008C9AA4 /* AppDelegate.swift in Sources */ = {isa = PBXBuildFile; fileRef = 32B7A19D29255E77008C9AA4 /* AppDelegate.swift */; };
		32B7A1A029255E77008C9AA4 /* SceneDelegate.swift in Sources */ = {isa = PBXBuildFile; fileRef = 32B7A19F29255E77008C9AA4 /* SceneDelegate.swift */; };
		32B7A1A229255E77008C9AA4 /* ViewController.swift in Sources */ = {isa = PBXBuildFile; fileRef = 32B7A1A129255E77008C9AA4 /* ViewController.swift */; };
		32B7A1A529255E77008C9AA4 /* Main.storyboard in Resources */ = {isa = PBXBuildFile; fileRef = 32B7A1A329255E77008C9AA4 /* Main.storyboard */; };
		32B7A1A729255E79008C9AA4 /* Assets.xcassets in Resources */ = {isa = PBXBuildFile; fileRef = 32B7A1A629255E79008C9AA4 /* Assets.xcassets */; };
		32B7A1AA29255E79008C9AA4 /* LaunchScreen.storyboard in Resources */ = {isa = PBXBuildFile; fileRef = 32B7A1A829255E79008C9AA4 /* LaunchScreen.storyboard */; };
		4EC7295229261D5900DF94AF /* CleverTapGeofence in Frameworks */ = {isa = PBXBuildFile; productRef = 4EC7295129261D5900DF94AF /* CleverTapGeofence */; };
/* End PBXBuildFile section */

/* Begin PBXFileReference section */
		32B7A19A29255E77008C9AA4 /* SPMSample.app */ = {isa = PBXFileReference; explicitFileType = wrapper.application; includeInIndex = 0; path = SPMSample.app; sourceTree = BUILT_PRODUCTS_DIR; };
		32B7A19D29255E77008C9AA4 /* AppDelegate.swift */ = {isa = PBXFileReference; lastKnownFileType = sourcecode.swift; path = AppDelegate.swift; sourceTree = "<group>"; };
		32B7A19F29255E77008C9AA4 /* SceneDelegate.swift */ = {isa = PBXFileReference; lastKnownFileType = sourcecode.swift; path = SceneDelegate.swift; sourceTree = "<group>"; };
		32B7A1A129255E77008C9AA4 /* ViewController.swift */ = {isa = PBXFileReference; lastKnownFileType = sourcecode.swift; path = ViewController.swift; sourceTree = "<group>"; };
		32B7A1A429255E77008C9AA4 /* Base */ = {isa = PBXFileReference; lastKnownFileType = file.storyboard; name = Base; path = Base.lproj/Main.storyboard; sourceTree = "<group>"; };
		32B7A1A629255E79008C9AA4 /* Assets.xcassets */ = {isa = PBXFileReference; lastKnownFileType = folder.assetcatalog; path = Assets.xcassets; sourceTree = "<group>"; };
		32B7A1A929255E79008C9AA4 /* Base */ = {isa = PBXFileReference; lastKnownFileType = file.storyboard; name = Base; path = Base.lproj/LaunchScreen.storyboard; sourceTree = "<group>"; };
		32B7A1AB29255E79008C9AA4 /* Info.plist */ = {isa = PBXFileReference; lastKnownFileType = text.plist.xml; path = Info.plist; sourceTree = "<group>"; };
/* End PBXFileReference section */

/* Begin PBXFrameworksBuildPhase section */
		32B7A19729255E77008C9AA4 /* Frameworks */ = {
			isa = PBXFrameworksBuildPhase;
			buildActionMask = 2147483647;
			files = (
				4EC7295229261D5900DF94AF /* CleverTapGeofence in Frameworks */,
			);
			runOnlyForDeploymentPostprocessing = 0;
		};
/* End PBXFrameworksBuildPhase section */

/* Begin PBXGroup section */
		32B7A19129255E77008C9AA4 = {
			isa = PBXGroup;
			children = (
				32B7A19C29255E77008C9AA4 /* SPMSample */,
				32B7A19B29255E77008C9AA4 /* Products */,
			);
			sourceTree = "<group>";
		};
		32B7A19B29255E77008C9AA4 /* Products */ = {
			isa = PBXGroup;
			children = (
				32B7A19A29255E77008C9AA4 /* SPMSample.app */,
			);
			name = Products;
			sourceTree = "<group>";
		};
		32B7A19C29255E77008C9AA4 /* SPMSample */ = {
			isa = PBXGroup;
			children = (
				32B7A19D29255E77008C9AA4 /* AppDelegate.swift */,
				32B7A19F29255E77008C9AA4 /* SceneDelegate.swift */,
				32B7A1A129255E77008C9AA4 /* ViewController.swift */,
				32B7A1A329255E77008C9AA4 /* Main.storyboard */,
				32B7A1A629255E79008C9AA4 /* Assets.xcassets */,
				32B7A1A829255E79008C9AA4 /* LaunchScreen.storyboard */,
				32B7A1AB29255E79008C9AA4 /* Info.plist */,
			);
			path = SPMSample;
			sourceTree = "<group>";
		};
/* End PBXGroup section */

/* Begin PBXNativeTarget section */
		32B7A19929255E77008C9AA4 /* SPMSample */ = {
			isa = PBXNativeTarget;
			buildConfigurationList = 32B7A1AE29255E79008C9AA4 /* Build configuration list for PBXNativeTarget "SPMSample" */;
			buildPhases = (
				32B7A19629255E77008C9AA4 /* Sources */,
				32B7A19729255E77008C9AA4 /* Frameworks */,
				32B7A19829255E77008C9AA4 /* Resources */,
			);
			buildRules = (
			);
			dependencies = (
			);
			name = SPMSample;
			packageProductDependencies = (
				4EC7295129261D5900DF94AF /* CleverTapGeofence */,
			);
			productName = SPMSample;
			productReference = 32B7A19A29255E77008C9AA4 /* SPMSample.app */;
			productType = "com.apple.product-type.application";
		};
/* End PBXNativeTarget section */

/* Begin PBXProject section */
		32B7A19229255E77008C9AA4 /* Project object */ = {
			isa = PBXProject;
			attributes = {
				BuildIndependentTargetsInParallel = 1;
				LastSwiftUpdateCheck = 1400;
				LastUpgradeCheck = 1400;
				TargetAttributes = {
					32B7A19929255E77008C9AA4 = {
						CreatedOnToolsVersion = 14.0;
					};
				};
			};
			buildConfigurationList = 32B7A19529255E77008C9AA4 /* Build configuration list for PBXProject "SPMSample" */;
			compatibilityVersion = "Xcode 14.0";
			developmentRegion = en;
			hasScannedForEncodings = 0;
			knownRegions = (
				en,
				Base,
			);
			mainGroup = 32B7A19129255E77008C9AA4;
			packageReferences = (
				4EC7295029261D5900DF94AF /* XCRemoteSwiftPackageReference "clevertap-geofence-ios" */,
			);
			productRefGroup = 32B7A19B29255E77008C9AA4 /* Products */;
			projectDirPath = "";
			projectRoot = "";
			targets = (
				32B7A19929255E77008C9AA4 /* SPMSample */,
			);
		};
/* End PBXProject section */

/* Begin PBXResourcesBuildPhase section */
		32B7A19829255E77008C9AA4 /* Resources */ = {
			isa = PBXResourcesBuildPhase;
			buildActionMask = 2147483647;
			files = (
				32B7A1AA29255E79008C9AA4 /* LaunchScreen.storyboard in Resources */,
				32B7A1A729255E79008C9AA4 /* Assets.xcassets in Resources */,
				32B7A1A529255E77008C9AA4 /* Main.storyboard in Resources */,
			);
			runOnlyForDeploymentPostprocessing = 0;
		};
/* End PBXResourcesBuildPhase section */

/* Begin PBXSourcesBuildPhase section */
		32B7A19629255E77008C9AA4 /* Sources */ = {
			isa = PBXSourcesBuildPhase;
			buildActionMask = 2147483647;
			files = (
				32B7A1A229255E77008C9AA4 /* ViewController.swift in Sources */,
				32B7A19E29255E77008C9AA4 /* AppDelegate.swift in Sources */,
				32B7A1A029255E77008C9AA4 /* SceneDelegate.swift in Sources */,
			);
			runOnlyForDeploymentPostprocessing = 0;
		};
/* End PBXSourcesBuildPhase section */

/* Begin PBXVariantGroup section */
		32B7A1A329255E77008C9AA4 /* Main.storyboard */ = {
			isa = PBXVariantGroup;
			children = (
				32B7A1A429255E77008C9AA4 /* Base */,
			);
			name = Main.storyboard;
			sourceTree = "<group>";
		};
		32B7A1A829255E79008C9AA4 /* LaunchScreen.storyboard */ = {
			isa = PBXVariantGroup;
			children = (
				32B7A1A929255E79008C9AA4 /* Base */,
			);
			name = LaunchScreen.storyboard;
			sourceTree = "<group>";
		};
/* End PBXVariantGroup section */

/* Begin XCBuildConfiguration section */
		32B7A1AC29255E79008C9AA4 /* Debug */ = {
			isa = XCBuildConfiguration;
			buildSettings = {
				ALWAYS_SEARCH_USER_PATHS = NO;
				CLANG_ANALYZER_NONNULL = YES;
				CLANG_ANALYZER_NUMBER_OBJECT_CONVERSION = YES_AGGRESSIVE;
				CLANG_CXX_LANGUAGE_STANDARD = "gnu++20";
				CLANG_ENABLE_MODULES = YES;
				CLANG_ENABLE_OBJC_ARC = YES;
				CLANG_ENABLE_OBJC_WEAK = YES;
				CLANG_WARN_BLOCK_CAPTURE_AUTORELEASING = YES;
				CLANG_WARN_BOOL_CONVERSION = YES;
				CLANG_WARN_COMMA = YES;
				CLANG_WARN_CONSTANT_CONVERSION = YES;
				CLANG_WARN_DEPRECATED_OBJC_IMPLEMENTATIONS = YES;
				CLANG_WARN_DIRECT_OBJC_ISA_USAGE = YES_ERROR;
				CLANG_WARN_DOCUMENTATION_COMMENTS = YES;
				CLANG_WARN_EMPTY_BODY = YES;
				CLANG_WARN_ENUM_CONVERSION = YES;
				CLANG_WARN_INFINITE_RECURSION = YES;
				CLANG_WARN_INT_CONVERSION = YES;
				CLANG_WARN_NON_LITERAL_NULL_CONVERSION = YES;
				CLANG_WARN_OBJC_IMPLICIT_RETAIN_SELF = YES;
				CLANG_WARN_OBJC_LITERAL_CONVERSION = YES;
				CLANG_WARN_OBJC_ROOT_CLASS = YES_ERROR;
				CLANG_WARN_QUOTED_INCLUDE_IN_FRAMEWORK_HEADER = YES;
				CLANG_WARN_RANGE_LOOP_ANALYSIS = YES;
				CLANG_WARN_STRICT_PROTOTYPES = YES;
				CLANG_WARN_SUSPICIOUS_MOVE = YES;
				CLANG_WARN_UNGUARDED_AVAILABILITY = YES_AGGRESSIVE;
				CLANG_WARN_UNREACHABLE_CODE = YES;
				CLANG_WARN__DUPLICATE_METHOD_MATCH = YES;
				COPY_PHASE_STRIP = NO;
				DEBUG_INFORMATION_FORMAT = dwarf;
				ENABLE_STRICT_OBJC_MSGSEND = YES;
				ENABLE_TESTABILITY = YES;
				GCC_C_LANGUAGE_STANDARD = gnu11;
				GCC_DYNAMIC_NO_PIC = NO;
				GCC_NO_COMMON_BLOCKS = YES;
				GCC_OPTIMIZATION_LEVEL = 0;
				GCC_PREPROCESSOR_DEFINITIONS = (
					"DEBUG=1",
					"$(inherited)",
				);
				GCC_WARN_64_TO_32_BIT_CONVERSION = YES;
				GCC_WARN_ABOUT_RETURN_TYPE = YES_ERROR;
				GCC_WARN_UNDECLARED_SELECTOR = YES;
				GCC_WARN_UNINITIALIZED_AUTOS = YES_AGGRESSIVE;
				GCC_WARN_UNUSED_FUNCTION = YES;
				GCC_WARN_UNUSED_VARIABLE = YES;
				IPHONEOS_DEPLOYMENT_TARGET = 16.0;
				MTL_ENABLE_DEBUG_INFO = INCLUDE_SOURCE;
				MTL_FAST_MATH = YES;
				ONLY_ACTIVE_ARCH = YES;
				SDKROOT = iphoneos;
				SWIFT_ACTIVE_COMPILATION_CONDITIONS = DEBUG;
				SWIFT_OPTIMIZATION_LEVEL = "-Onone";
			};
			name = Debug;
		};
		32B7A1AD29255E79008C9AA4 /* Release */ = {
			isa = XCBuildConfiguration;
			buildSettings = {
				ALWAYS_SEARCH_USER_PATHS = NO;
				CLANG_ANALYZER_NONNULL = YES;
				CLANG_ANALYZER_NUMBER_OBJECT_CONVERSION = YES_AGGRESSIVE;
				CLANG_CXX_LANGUAGE_STANDARD = "gnu++20";
				CLANG_ENABLE_MODULES = YES;
				CLANG_ENABLE_OBJC_ARC = YES;
				CLANG_ENABLE_OBJC_WEAK = YES;
				CLANG_WARN_BLOCK_CAPTURE_AUTORELEASING = YES;
				CLANG_WARN_BOOL_CONVERSION = YES;
				CLANG_WARN_COMMA = YES;
				CLANG_WARN_CONSTANT_CONVERSION = YES;
				CLANG_WARN_DEPRECATED_OBJC_IMPLEMENTATIONS = YES;
				CLANG_WARN_DIRECT_OBJC_ISA_USAGE = YES_ERROR;
				CLANG_WARN_DOCUMENTATION_COMMENTS = YES;
				CLANG_WARN_EMPTY_BODY = YES;
				CLANG_WARN_ENUM_CONVERSION = YES;
				CLANG_WARN_INFINITE_RECURSION = YES;
				CLANG_WARN_INT_CONVERSION = YES;
				CLANG_WARN_NON_LITERAL_NULL_CONVERSION = YES;
				CLANG_WARN_OBJC_IMPLICIT_RETAIN_SELF = YES;
				CLANG_WARN_OBJC_LITERAL_CONVERSION = YES;
				CLANG_WARN_OBJC_ROOT_CLASS = YES_ERROR;
				CLANG_WARN_QUOTED_INCLUDE_IN_FRAMEWORK_HEADER = YES;
				CLANG_WARN_RANGE_LOOP_ANALYSIS = YES;
				CLANG_WARN_STRICT_PROTOTYPES = YES;
				CLANG_WARN_SUSPICIOUS_MOVE = YES;
				CLANG_WARN_UNGUARDED_AVAILABILITY = YES_AGGRESSIVE;
				CLANG_WARN_UNREACHABLE_CODE = YES;
				CLANG_WARN__DUPLICATE_METHOD_MATCH = YES;
				COPY_PHASE_STRIP = NO;
				DEBUG_INFORMATION_FORMAT = "dwarf-with-dsym";
				ENABLE_NS_ASSERTIONS = NO;
				ENABLE_STRICT_OBJC_MSGSEND = YES;
				GCC_C_LANGUAGE_STANDARD = gnu11;
				GCC_NO_COMMON_BLOCKS = YES;
				GCC_WARN_64_TO_32_BIT_CONVERSION = YES;
				GCC_WARN_ABOUT_RETURN_TYPE = YES_ERROR;
				GCC_WARN_UNDECLARED_SELECTOR = YES;
				GCC_WARN_UNINITIALIZED_AUTOS = YES_AGGRESSIVE;
				GCC_WARN_UNUSED_FUNCTION = YES;
				GCC_WARN_UNUSED_VARIABLE = YES;
				IPHONEOS_DEPLOYMENT_TARGET = 16.0;
				MTL_ENABLE_DEBUG_INFO = NO;
				MTL_FAST_MATH = YES;
				SDKROOT = iphoneos;
				SWIFT_COMPILATION_MODE = wholemodule;
				SWIFT_OPTIMIZATION_LEVEL = "-O";
				VALIDATE_PRODUCT = YES;
			};
			name = Release;
		};
		32B7A1AF29255E79008C9AA4 /* Debug */ = {
			isa = XCBuildConfiguration;
			buildSettings = {
				ASSETCATALOG_COMPILER_APPICON_NAME = AppIcon;
				ASSETCATALOG_COMPILER_GLOBAL_ACCENT_COLOR_NAME = AccentColor;
				CODE_SIGN_STYLE = Automatic;
				CURRENT_PROJECT_VERSION = 1;
				DEVELOPMENT_TEAM = A5J34NR598;
				GENERATE_INFOPLIST_FILE = YES;
				INFOPLIST_FILE = SPMSample/Info.plist;
				INFOPLIST_KEY_UIApplicationSupportsIndirectInputEvents = YES;
				INFOPLIST_KEY_UILaunchStoryboardName = LaunchScreen;
				INFOPLIST_KEY_UIMainStoryboardFile = Main;
				INFOPLIST_KEY_UISupportedInterfaceOrientations_iPad = "UIInterfaceOrientationPortrait UIInterfaceOrientationPortraitUpsideDown UIInterfaceOrientationLandscapeLeft UIInterfaceOrientationLandscapeRight";
				INFOPLIST_KEY_UISupportedInterfaceOrientations_iPhone = "UIInterfaceOrientationPortrait UIInterfaceOrientationLandscapeLeft UIInterfaceOrientationLandscapeRight";
				LD_RUNPATH_SEARCH_PATHS = (
					"$(inherited)",
					"@executable_path/Frameworks",
				);
				MARKETING_VERSION = 1.0;
				PRODUCT_BUNDLE_IDENTIFIER = com.clevertap.SPMSample;
				PRODUCT_NAME = "$(TARGET_NAME)";
				SWIFT_EMIT_LOC_STRINGS = YES;
				SWIFT_VERSION = 5.0;
				TARGETED_DEVICE_FAMILY = "1,2";
			};
			name = Debug;
		};
		32B7A1B029255E79008C9AA4 /* Release */ = {
			isa = XCBuildConfiguration;
			buildSettings = {
				ASSETCATALOG_COMPILER_APPICON_NAME = AppIcon;
				ASSETCATALOG_COMPILER_GLOBAL_ACCENT_COLOR_NAME = AccentColor;
				CODE_SIGN_STYLE = Automatic;
				CURRENT_PROJECT_VERSION = 1;
				DEVELOPMENT_TEAM = A5J34NR598;
				GENERATE_INFOPLIST_FILE = YES;
				INFOPLIST_FILE = SPMSample/Info.plist;
				INFOPLIST_KEY_UIApplicationSupportsIndirectInputEvents = YES;
				INFOPLIST_KEY_UILaunchStoryboardName = LaunchScreen;
				INFOPLIST_KEY_UIMainStoryboardFile = Main;
				INFOPLIST_KEY_UISupportedInterfaceOrientations_iPad = "UIInterfaceOrientationPortrait UIInterfaceOrientationPortraitUpsideDown UIInterfaceOrientationLandscapeLeft UIInterfaceOrientationLandscapeRight";
				INFOPLIST_KEY_UISupportedInterfaceOrientations_iPhone = "UIInterfaceOrientationPortrait UIInterfaceOrientationLandscapeLeft UIInterfaceOrientationLandscapeRight";
				LD_RUNPATH_SEARCH_PATHS = (
					"$(inherited)",
					"@executable_path/Frameworks",
				);
				MARKETING_VERSION = 1.0;
				PRODUCT_BUNDLE_IDENTIFIER = com.clevertap.SPMSample;
				PRODUCT_NAME = "$(TARGET_NAME)";
				SWIFT_EMIT_LOC_STRINGS = YES;
				SWIFT_VERSION = 5.0;
				TARGETED_DEVICE_FAMILY = "1,2";
			};
			name = Release;
		};
/* End XCBuildConfiguration section */

/* Begin XCConfigurationList section */
		32B7A19529255E77008C9AA4 /* Build configuration list for PBXProject "SPMSample" */ = {
			isa = XCConfigurationList;
			buildConfigurations = (
				32B7A1AC29255E79008C9AA4 /* Debug */,
				32B7A1AD29255E79008C9AA4 /* Release */,
			);
			defaultConfigurationIsVisible = 0;
			defaultConfigurationName = Release;
		};
		32B7A1AE29255E79008C9AA4 /* Build configuration list for PBXNativeTarget "SPMSample" */ = {
			isa = XCConfigurationList;
			buildConfigurations = (
				32B7A1AF29255E79008C9AA4 /* Debug */,
				32B7A1B029255E79008C9AA4 /* Release */,
			);
			defaultConfigurationIsVisible = 0;
			defaultConfigurationName = Release;
		};
/* End XCConfigurationList section */

/* Begin XCRemoteSwiftPackageReference section */
		4EC7295029261D5900DF94AF /* XCRemoteSwiftPackageReference "clevertap-geofence-ios" */ = {
			isa = XCRemoteSwiftPackageReference;
			repositoryURL = "https://github.com/dscyrescotti/clevertap-geofence-ios.git";
			requirement = {
				branch = master;
				kind = branch;
			};
		};
/* End XCRemoteSwiftPackageReference section */

/* Begin XCSwiftPackageProductDependency section */
		4EC7295129261D5900DF94AF /* CleverTapGeofence */ = {
			isa = XCSwiftPackageProductDependency;
			package = 4EC7295029261D5900DF94AF /* XCRemoteSwiftPackageReference "clevertap-geofence-ios" */;
			productName = CleverTapGeofence;
		};
/* End XCSwiftPackageProductDependency section */
	};
	rootObject = 32B7A19229255E77008C9AA4 /* Project object */;
}
